<?xml version="1.0" encoding="UTF-8"?>
<Scheme LastUpgradeVersion = "9999" version = "1.3">
  <BuildAction parallelizeBuildables = "YES" buildImplicitDependencies = "YES">
    <BuildActionEntries>
      <BuildActionEntry buildForTesting = "YES" buildForRunning = "YES" buildForProfiling = "YES" buildForArchiving = "YES" buildForAnalyzing = "YES">
        <BuildableReference
          BuildableIdentifier = "primary"
          BlueprintIdentifier = "______Target_Swilio"
          BuildableName = "Swilio.framework"
          BlueprintName = "Swilio"
          ReferencedContainer = "container:Swilio.xcodeproj">
        </BuildableReference>
      </BuildActionEntry>
    </BuildActionEntries>
  </BuildAction>
  <TestAction
    buildConfiguration = "Debug"
    selectedDebuggerIdentifier = "Xcode.DebuggerFoundation.Debugger.LLDB"
    selectedLauncherIdentifier = "Xcode.DebuggerFoundation.Launcher.LLDB"
    shouldUseLaunchSchemeArgsEnv = "YES">
    <Testables>
    <TestableReference
      skipped = "NO">
      <BuildableReference
        BuildableIdentifier = "primary"
        BlueprintIdentifier = "______Target_SwilioTestSuite"
        BuildableName = "SwilioTestSuite.xctest"
        BlueprintName = "SwilioTestSuite"
        ReferencedContainer = "container:Swilio.xcodeproj">
      </BuildableReference>
    </TestableReference>
    </Testables>
  </TestAction>
</Scheme>
